
Microsoft Visual Studio Solution File, Format Version 12.00
# Visual Studio Version 17
VisualStudioVersion = 17.7.34202.233
MinimumVisualStudioVersion = 10.0.40219.1
Project("{FAE04EC0-301F-11D3-BF4B-00C04F79EFBC}") = "CargoFlowForms", "CargoFlowForms\CargoFlowForms.csproj", "{ABFD0112-9E46-4A79-81A9-D2D6BB466B39}"
EndProject
Project("{FAE04EC0-301F-11D3-BF4B-00C04F79EFBC}") = "CargoFlowMgmt", "CargoFlowMgmt\CargoFlowMgmt.csproj", "{B8237026-95F2-43F0-B4CB-036D0C2E6DEE}"
EndProject
Global
	GlobalSection(SolutionConfigurationPlatforms) = preSolution
		Debug|Any CPU = Debug|Any CPU
		Release|Any CPU = Release|Any CPU
	EndGlobalSection
	GlobalSection(ProjectConfigurationPlatforms) = postSolution
		{ABFD0112-9E46-4A79-81A9-D2D6BB466B39}.Debug|Any CPU.ActiveCfg = Debug|Any CPU
		{ABFD0112-9E46-4A79-81A9-D2D6BB466B39}.Debug|Any CPU.Build.0 = Debug|Any CPU
		{ABFD0112-9E46-4A79-81A9-D2D6BB466B39}.Release|Any CPU.ActiveCfg = Release|Any CPU
		{ABFD0112-9E46-4A79-81A9-D2D6BB466B39}.Release|Any CPU.Build.0 = Release|Any CPU
		{B8237026-95F2-43F0-B4CB-036D0C2E6DEE}.Debug|Any CPU.ActiveCfg = Debug|Any CPU
		{B8237026-95F2-43F0-B4CB-036D0C2E6DEE}.Debug|Any CPU.Build.0 = Debug|Any CPU
		{B8237026-95F2-43F0-B4CB-036D0C2E6DEE}.Release|Any CPU.ActiveCfg = Release|Any CPU
		{B8237026-95F2-43F0-B4CB-036D0C2E6DEE}.Release|Any CPU.Build.0 = Release|Any CPU
	EndGlobalSection
	GlobalSection(SolutionProperties) = preSolution
		HideSolutionNode = FALSE
	EndGlobalSection
	GlobalSection(ExtensibilityGlobals) = postSolution
		SolutionGuid = {C1A3B3D8-9D9E-4B87-A279-ED5559975969}
	EndGlobalSection
EndGlobal
